
Microsoft Visual Studio Solution File, Format Version 12.00
# Visual Studio Version 17
VisualStudioVersion = 17.4.33122.133
MinimumVisualStudioVersion = 10.0.40219.1
Project("{FAE04EC0-301F-11D3-BF4B-00C04F79EFBC}") = "ConsoleAppAsWorkerService", "ConsoleAppAsWorkerService.csproj", "{233F312D-8D2D-41A3-A8C0-A8BBDDC31862}"
EndProject
Global
	GlobalSection(SolutionConfigurationPlatforms) = preSolution
		Debug|Any CPU = Debug|Any CPU
		Release|Any CPU = Release|Any CPU
	EndGlobalSection
	GlobalSection(ProjectConfigurationPlatforms) = postSolution
		{233F312D-8D2D-41A3-A8C0-A8BBDDC31862}.Debug|Any CPU.ActiveCfg = Debug|Any CPU
		{233F312D-8D2D-41A3-A8C0-A8BBDDC31862}.Debug|Any CPU.Build.0 = Debug|Any CPU
		{233F312D-8D2D-41A3-A8C0-A8BBDDC31862}.Release|Any CPU.ActiveCfg = Release|Any CPU
		{233F312D-8D2D-41A3-A8C0-A8BBDDC31862}.Release|Any CPU.Build.0 = Release|Any CPU
	EndGlobalSection
	GlobalSection(SolutionProperties) = preSolution
		HideSolutionNode = FALSE
	EndGlobalSection
	GlobalSection(ExtensibilityGlobals) = postSolution
		SolutionGuid = {369D5715-3BA2-4F60-97F4-08BE66A0E1C1}
	EndGlobalSection
EndGlobal
